
Microsoft Visual Studio Solution File, Format Version 12.00
# Visual Studio Version 16
VisualStudioVersion = 16.0.31515.178
MinimumVisualStudioVersion = 10.0.40219.1
Project("{FAE04EC0-301F-11D3-BF4B-00C04F79EFBC}") = "Selection Statements Exercise 01", "Selection Statements Exercise 01\Selection Statements Exercise 01.csproj", "{256BF089-800B-40C0-8198-CB08376BDD57}"
EndProject
Global
	GlobalSection(SolutionConfigurationPlatforms) = preSolution
		Debug|Any CPU = Debug|Any CPU
		Release|Any CPU = Release|Any CPU
	EndGlobalSection
	GlobalSection(ProjectConfigurationPlatforms) = postSolution
		{256BF089-800B-40C0-8198-CB08376BDD57}.Debug|Any CPU.ActiveCfg = Debug|Any CPU
		{256BF089-800B-40C0-8198-CB08376BDD57}.Debug|Any CPU.Build.0 = Debug|Any CPU
		{256BF089-800B-40C0-8198-CB08376BDD57}.Release|Any CPU.ActiveCfg = Release|Any CPU
		{256BF089-800B-40C0-8198-CB08376BDD57}.Release|Any CPU.Build.0 = Release|Any CPU
	EndGlobalSection
	GlobalSection(SolutionProperties) = preSolution
		HideSolutionNode = FALSE
	EndGlobalSection
	GlobalSection(ExtensibilityGlobals) = postSolution
		SolutionGuid = {168FE0D8-EC9F-4451-8712-07632B091FC1}
	EndGlobalSection
EndGlobal
